// !$*UTF8*$!
{
	archiveVersion = 1;
	classes = {
	};
	objectVersion = 56;
	objects = {

/* Begin PBXBuildFile section */
		0E7004F62A177E650056B3F7 /* WhitbyLandmarksApp.swift in Sources */ = {isa = PBXBuildFile; fileRef = 0E7004F52A177E650056B3F7 /* WhitbyLandmarksApp.swift */; };
		0E7004F82A177E650056B3F7 /* ContentView.swift in Sources */ = {isa = PBXBuildFile; fileRef = 0E7004F72A177E650056B3F7 /* ContentView.swift */; };
		0E7004FA2A177E660056B3F7 /* Assets.xcassets in Resources */ = {isa = PBXBuildFile; fileRef = 0E7004F92A177E660056B3F7 /* Assets.xcassets */; };
		0E7004FD2A177E660056B3F7 /* Preview Assets.xcassets in Resources */ = {isa = PBXBuildFile; fileRef = 0E7004FC2A177E660056B3F7 /* Preview Assets.xcassets */; };
		0E7005072A177E660056B3F7 /* WhitbyLandmarksTests.swift in Sources */ = {isa = PBXBuildFile; fileRef = 0E7005062A177E660056B3F7 /* WhitbyLandmarksTests.swift */; };
		0E7005112A177E660056B3F7 /* WhitbyLandmarksUITests.swift in Sources */ = {isa = PBXBuildFile; fileRef = 0E7005102A177E660056B3F7 /* WhitbyLandmarksUITests.swift */; };
		0E7005132A177E660056B3F7 /* WhitbyLandmarksUITestsLaunchTests.swift in Sources */ = {isa = PBXBuildFile; fileRef = 0E7005122A177E660056B3F7 /* WhitbyLandmarksUITestsLaunchTests.swift */; };
		0E7005202A17829B0056B3F7 /* RunswickBayImage.swift in Sources */ = {isa = PBXBuildFile; fileRef = 0E70051F2A17829B0056B3F7 /* RunswickBayImage.swift */; };
		0E7005222A1783B20056B3F7 /* RunswickBayMapView.swift in Sources */ = {isa = PBXBuildFile; fileRef = 0E7005212A1783B20056B3F7 /* RunswickBayMapView.swift */; };
		0E7005242A1803520056B3F7 /* PlaceAnnotationView.swift in Sources */ = {isa = PBXBuildFile; fileRef = 0E7005232A1803520056B3F7 /* PlaceAnnotationView.swift */; };
		0E7005262A1808CC0056B3F7 /* DetailedLocationView.swift in Sources */ = {isa = PBXBuildFile; fileRef = 0E7005252A1808CC0056B3F7 /* DetailedLocationView.swift */; };
		0E7005282A1A66E90056B3F7 /* RunswickBayListView.swift in Sources */ = {isa = PBXBuildFile; fileRef = 0E7005272A1A66E90056B3F7 /* RunswickBayListView.swift */; };
		0E70052A2A1A9F960056B3F7 /* Location.swift in Sources */ = {isa = PBXBuildFile; fileRef = 0E7005292A1A9F950056B3F7 /* Location.swift */; };
		0E79B27C2A1BF3F9005B94F2 /* locations.json in Resources */ = {isa = PBXBuildFile; fileRef = 0E79B27B2A1BF3F9005B94F2 /* locations.json */; };
		0E89CBDE2A2FD13200B02F61 /* AuthenticationView.swift in Sources */ = {isa = PBXBuildFile; fileRef = 0E89CBDD2A2FD13200B02F61 /* AuthenticationView.swift */; };
		0EEDEC7B2A27CC04008EB763 /* ApiError.swift in Sources */ = {isa = PBXBuildFile; fileRef = 0EEDEC7A2A27CC04008EB763 /* ApiError.swift */; };
/* End PBXBuildFile section */

/* Begin PBXContainerItemProxy section */
		0E7005032A177E660056B3F7 /* PBXContainerItemProxy */ = {
			isa = PBXContainerItemProxy;
			containerPortal = 0E7004EA2A177E650056B3F7 /* Project object */;
			proxyType = 1;
			remoteGlobalIDString = 0E7004F12A177E650056B3F7;
			remoteInfo = WhitbyLandmarks;
		};
		0E70050D2A177E660056B3F7 /* PBXContainerItemProxy */ = {
			isa = PBXContainerItemProxy;
			containerPortal = 0E7004EA2A177E650056B3F7 /* Project object */;
			proxyType = 1;
			remoteGlobalIDString = 0E7004F12A177E650056B3F7;
			remoteInfo = WhitbyLandmarks;
		};
/* End PBXContainerItemProxy section */

/* Begin PBXFileReference section */
		0E7004F22A177E650056B3F7 /* WhitbyLandmarks.app */ = {isa = PBXFileReference; explicitFileType = wrapper.application; includeInIndex = 0; path = WhitbyLandmarks.app; sourceTree = BUILT_PRODUCTS_DIR; };
		0E7004F52A177E650056B3F7 /* WhitbyLandmarksApp.swift */ = {isa = PBXFileReference; lastKnownFileType = sourcecode.swift; path = WhitbyLandmarksApp.swift; sourceTree = "<group>"; };
		0E7004F72A177E650056B3F7 /* ContentView.swift */ = {isa = PBXFileReference; lastKnownFileType = sourcecode.swift; path = ContentView.swift; sourceTree = "<group>"; };
		0E7004F92A177E660056B3F7 /* Assets.xcassets */ = {isa = PBXFileReference; lastKnownFileType = folder.assetcatalog; path = Assets.xcassets; sourceTree = "<group>"; };
		0E7004FC2A177E660056B3F7 /* Preview Assets.xcassets */ = {isa = PBXFileReference; lastKnownFileType = folder.assetcatalog; path = "Preview Assets.xcassets"; sourceTree = "<group>"; };
		0E7005022A177E660056B3F7 /* WhitbyLandmarksTests.xctest */ = {isa = PBXFileReference; explicitFileType = wrapper.cfbundle; includeInIndex = 0; path = WhitbyLandmarksTests.xctest; sourceTree = BUILT_PRODUCTS_DIR; };
		0E7005062A177E660056B3F7 /* WhitbyLandmarksTests.swift */ = {isa = PBXFileReference; lastKnownFileType = sourcecode.swift; path = WhitbyLandmarksTests.swift; sourceTree = "<group>"; };
		0E70050C2A177E660056B3F7 /* WhitbyLandmarksUITests.xctest */ = {isa = PBXFileReference; explicitFileType = wrapper.cfbundle; includeInIndex = 0; path = WhitbyLandmarksUITests.xctest; sourceTree = BUILT_PRODUCTS_DIR; };
		0E7005102A177E660056B3F7 /* WhitbyLandmarksUITests.swift */ = {isa = PBXFileReference; lastKnownFileType = sourcecode.swift; path = WhitbyLandmarksUITests.swift; sourceTree = "<group>"; };
		0E7005122A177E660056B3F7 /* WhitbyLandmarksUITestsLaunchTests.swift */ = {isa = PBXFileReference; lastKnownFileType = sourcecode.swift; path = WhitbyLandmarksUITestsLaunchTests.swift; sourceTree = "<group>"; };
		0E70051F2A17829B0056B3F7 /* RunswickBayImage.swift */ = {isa = PBXFileReference; lastKnownFileType = sourcecode.swift; path = RunswickBayImage.swift; sourceTree = "<group>"; };
		0E7005212A1783B20056B3F7 /* RunswickBayMapView.swift */ = {isa = PBXFileReference; lastKnownFileType = sourcecode.swift; path = RunswickBayMapView.swift; sourceTree = "<group>"; };
		0E7005232A1803520056B3F7 /* PlaceAnnotationView.swift */ = {isa = PBXFileReference; lastKnownFileType = sourcecode.swift; path = PlaceAnnotationView.swift; sourceTree = "<group>"; };
		0E7005252A1808CC0056B3F7 /* DetailedLocationView.swift */ = {isa = PBXFileReference; lastKnownFileType = sourcecode.swift; path = DetailedLocationView.swift; sourceTree = "<group>"; };
		0E7005272A1A66E90056B3F7 /* RunswickBayListView.swift */ = {isa = PBXFileReference; lastKnownFileType = sourcecode.swift; path = RunswickBayListView.swift; sourceTree = "<group>"; };
		0E7005292A1A9F950056B3F7 /* Location.swift */ = {isa = PBXFileReference; lastKnownFileType = sourcecode.swift; path = Location.swift; sourceTree = "<group>"; };
		0E79B27A2A1BD971005B94F2 /* Info.plist */ = {isa = PBXFileReference; lastKnownFileType = text.plist; path = Info.plist; sourceTree = "<group>"; };
		0E79B27B2A1BF3F9005B94F2 /* locations.json */ = {isa = PBXFileReference; lastKnownFileType = text.json; path = locations.json; sourceTree = "<group>"; };
		0E89CBDD2A2FD13200B02F61 /* AuthenticationView.swift */ = {isa = PBXFileReference; lastKnownFileType = sourcecode.swift; path = AuthenticationView.swift; sourceTree = "<group>"; };
		0EEDEC7A2A27CC04008EB763 /* ApiError.swift */ = {isa = PBXFileReference; lastKnownFileType = sourcecode.swift; path = ApiError.swift; sourceTree = "<group>"; };
/* End PBXFileReference section */

/* Begin PBXFrameworksBuildPhase section */
		0E7004EF2A177E650056B3F7 /* Frameworks */ = {
			isa = PBXFrameworksBuildPhase;
			buildActionMask = 2147483647;
			files = (
			);
			runOnlyForDeploymentPostprocessing = 0;
		};
		0E7004FF2A177E660056B3F7 /* Frameworks */ = {
			isa = PBXFrameworksBuildPhase;
			buildActionMask = 2147483647;
			files = (
			);
			runOnlyForDeploymentPostprocessing = 0;
		};
		0E7005092A177E660056B3F7 /* Frameworks */ = {
			isa = PBXFrameworksBuildPhase;
			buildActionMask = 2147483647;
			files = (
			);
			runOnlyForDeploymentPostprocessing = 0;
		};
/* End PBXFrameworksBuildPhase section */

/* Begin PBXGroup section */
		0E7004E92A177E650056B3F7 = {
			isa = PBXGroup;
			children = (
				0E7004F42A177E650056B3F7 /* WhitbyLandmarks */,
				0E7005052A177E660056B3F7 /* WhitbyLandmarksTests */,
				0E70050F2A177E660056B3F7 /* WhitbyLandmarksUITests */,
				0E7004F32A177E650056B3F7 /* Products */,
			);
			sourceTree = "<group>";
		};
		0E7004F32A177E650056B3F7 /* Products */ = {
			isa = PBXGroup;
			children = (
				0E7004F22A177E650056B3F7 /* WhitbyLandmarks.app */,
				0E7005022A177E660056B3F7 /* WhitbyLandmarksTests.xctest */,
				0E70050C2A177E660056B3F7 /* WhitbyLandmarksUITests.xctest */,
			);
			name = Products;
			sourceTree = "<group>";
		};
		0E7004F42A177E650056B3F7 /* WhitbyLandmarks */ = {
			isa = PBXGroup;
			children = (
				0EEDEC792A27CBD0008EB763 /* Enums */,
				0E79B27D2A1C0FA8005B94F2 /* Models */,
				0E79B27A2A1BD971005B94F2 /* Info.plist */,
				0E7004F52A177E650056B3F7 /* WhitbyLandmarksApp.swift */,
				0E7004F72A177E650056B3F7 /* ContentView.swift */,
				0E70051F2A17829B0056B3F7 /* RunswickBayImage.swift */,
				0E7005212A1783B20056B3F7 /* RunswickBayMapView.swift */,
				0E7005252A1808CC0056B3F7 /* DetailedLocationView.swift */,
				0E7005232A1803520056B3F7 /* PlaceAnnotationView.swift */,
				0E7004F92A177E660056B3F7 /* Assets.xcassets */,
				0E7004FB2A177E660056B3F7 /* Preview Content */,
				0E7005272A1A66E90056B3F7 /* RunswickBayListView.swift */,
				0E89CBDD2A2FD13200B02F61 /* AuthenticationView.swift */,
			);
			path = WhitbyLandmarks;
			sourceTree = "<group>";
		};
		0E7004FB2A177E660056B3F7 /* Preview Content */ = {
			isa = PBXGroup;
			children = (
				0E7004FC2A177E660056B3F7 /* Preview Assets.xcassets */,
			);
			path = "Preview Content";
			sourceTree = "<group>";
		};
		0E7005052A177E660056B3F7 /* WhitbyLandmarksTests */ = {
			isa = PBXGroup;
			children = (
				0E7005062A177E660056B3F7 /* WhitbyLandmarksTests.swift */,
				0E79B27B2A1BF3F9005B94F2 /* locations.json */,
			);
			path = WhitbyLandmarksTests;
			sourceTree = "<group>";
		};
		0E70050F2A177E660056B3F7 /* WhitbyLandmarksUITests */ = {
			isa = PBXGroup;
			children = (
				0E7005102A177E660056B3F7 /* WhitbyLandmarksUITests.swift */,
				0E7005122A177E660056B3F7 /* WhitbyLandmarksUITestsLaunchTests.swift */,
			);
			path = WhitbyLandmarksUITests;
			sourceTree = "<group>";
		};
		0E79B27D2A1C0FA8005B94F2 /* Models */ = {
			isa = PBXGroup;
			children = (
				0E7005292A1A9F950056B3F7 /* Location.swift */,
			);
			path = Models;
			sourceTree = "<group>";
		};
		0EEDEC792A27CBD0008EB763 /* Enums */ = {
			isa = PBXGroup;
			children = (
				0EEDEC7A2A27CC04008EB763 /* ApiError.swift */,
			);
			path = Enums;
			sourceTree = "<group>";
		};
/* End PBXGroup section */

/* Begin PBXNativeTarget section */
		0E7004F12A177E650056B3F7 /* WhitbyLandmarks */ = {
			isa = PBXNativeTarget;
			buildConfigurationList = 0E7005162A177E660056B3F7 /* Build configuration list for PBXNativeTarget "WhitbyLandmarks" */;
			buildPhases = (
				0E7004EE2A177E650056B3F7 /* Sources */,
				0E7004EF2A177E650056B3F7 /* Frameworks */,
				0E7004F02A177E650056B3F7 /* Resources */,
			);
			buildRules = (
			);
			dependencies = (
			);
			name = WhitbyLandmarks;
			productName = WhitbyLandmarks;
			productReference = 0E7004F22A177E650056B3F7 /* WhitbyLandmarks.app */;
			productType = "com.apple.product-type.application";
		};
		0E7005012A177E660056B3F7 /* WhitbyLandmarksTests */ = {
			isa = PBXNativeTarget;
			buildConfigurationList = 0E7005192A177E660056B3F7 /* Build configuration list for PBXNativeTarget "WhitbyLandmarksTests" */;
			buildPhases = (
				0E7004FE2A177E660056B3F7 /* Sources */,
				0E7004FF2A177E660056B3F7 /* Frameworks */,
				0E7005002A177E660056B3F7 /* Resources */,
			);
			buildRules = (
			);
			dependencies = (
				0E7005042A177E660056B3F7 /* PBXTargetDependency */,
			);
			name = WhitbyLandmarksTests;
			productName = WhitbyLandmarksTests;
			productReference = 0E7005022A177E660056B3F7 /* WhitbyLandmarksTests.xctest */;
			productType = "com.apple.product-type.bundle.unit-test";
		};
		0E70050B2A177E660056B3F7 /* WhitbyLandmarksUITests */ = {
			isa = PBXNativeTarget;
			buildConfigurationList = 0E70051C2A177E660056B3F7 /* Build configuration list for PBXNativeTarget "WhitbyLandmarksUITests" */;
			buildPhases = (
				0E7005082A177E660056B3F7 /* Sources */,
				0E7005092A177E660056B3F7 /* Frameworks */,
				0E70050A2A177E660056B3F7 /* Resources */,
			);
			buildRules = (
			);
			dependencies = (
				0E70050E2A177E660056B3F7 /* PBXTargetDependency */,
			);
			name = WhitbyLandmarksUITests;
			productName = WhitbyLandmarksUITests;
			productReference = 0E70050C2A177E660056B3F7 /* WhitbyLandmarksUITests.xctest */;
			productType = "com.apple.product-type.bundle.ui-testing";
		};
/* End PBXNativeTarget section */

/* Begin PBXProject section */
		0E7004EA2A177E650056B3F7 /* Project object */ = {
			isa = PBXProject;
			attributes = {
				BuildIndependentTargetsInParallel = 1;
				LastSwiftUpdateCheck = 1430;
				LastUpgradeCheck = 1430;
				TargetAttributes = {
					0E7004F12A177E650056B3F7 = {
						CreatedOnToolsVersion = 14.3;
					};
					0E7005012A177E660056B3F7 = {
						CreatedOnToolsVersion = 14.3;
						TestTargetID = 0E7004F12A177E650056B3F7;
					};
					0E70050B2A177E660056B3F7 = {
						CreatedOnToolsVersion = 14.3;
						TestTargetID = 0E7004F12A177E650056B3F7;
					};
				};
			};
			buildConfigurationList = 0E7004ED2A177E650056B3F7 /* Build configuration list for PBXProject "WhitbyLandmarks" */;
			compatibilityVersion = "Xcode 14.0";
			developmentRegion = en;
			hasScannedForEncodings = 0;
			knownRegions = (
				en,
				Base,
			);
			mainGroup = 0E7004E92A177E650056B3F7;
			productRefGroup = 0E7004F32A177E650056B3F7 /* Products */;
			projectDirPath = "";
			projectRoot = "";
			targets = (
				0E7004F12A177E650056B3F7 /* WhitbyLandmarks */,
				0E7005012A177E660056B3F7 /* WhitbyLandmarksTests */,
				0E70050B2A177E660056B3F7 /* WhitbyLandmarksUITests */,
			);
		};
/* End PBXProject section */

/* Begin PBXResourcesBuildPhase section */
		0E7004F02A177E650056B3F7 /* Resources */ = {
			isa = PBXResourcesBuildPhase;
			buildActionMask = 2147483647;
			files = (
				0E7004FD2A177E660056B3F7 /* Preview Assets.xcassets in Resources */,
				0E7004FA2A177E660056B3F7 /* Assets.xcassets in Resources */,
			);
			runOnlyForDeploymentPostprocessing = 0;
		};
		0E7005002A177E660056B3F7 /* Resources */ = {
			isa = PBXResourcesBuildPhase;
			buildActionMask = 2147483647;
			files = (
				0E79B27C2A1BF3F9005B94F2 /* locations.json in Resources */,
			);
			runOnlyForDeploymentPostprocessing = 0;
		};
		0E70050A2A177E660056B3F7 /* Resources */ = {
			isa = PBXResourcesBuildPhase;
			buildActionMask = 2147483647;
			files = (
			);
			runOnlyForDeploymentPostprocessing = 0;
		};
/* End PBXResourcesBuildPhase section */

/* Begin PBXSourcesBuildPhase section */
		0E7004EE2A177E650056B3F7 /* Sources */ = {
			isa = PBXSourcesBuildPhase;
			buildActionMask = 2147483647;
			files = (
				0E7004F82A177E650056B3F7 /* ContentView.swift in Sources */,
				0E7004F62A177E650056B3F7 /* WhitbyLandmarksApp.swift in Sources */,
				0E70052A2A1A9F960056B3F7 /* Location.swift in Sources */,
				0E7005222A1783B20056B3F7 /* RunswickBayMapView.swift in Sources */,
				0E89CBDE2A2FD13200B02F61 /* AuthenticationView.swift in Sources */,
				0E7005282A1A66E90056B3F7 /* RunswickBayListView.swift in Sources */,
				0EEDEC7B2A27CC04008EB763 /* ApiError.swift in Sources */,
				0E7005262A1808CC0056B3F7 /* DetailedLocationView.swift in Sources */,
				0E7005242A1803520056B3F7 /* PlaceAnnotationView.swift in Sources */,
				0E7005202A17829B0056B3F7 /* RunswickBayImage.swift in Sources */,
			);
			runOnlyForDeploymentPostprocessing = 0;
		};
		0E7004FE2A177E660056B3F7 /* Sources */ = {
			isa = PBXSourcesBuildPhase;
			buildActionMask = 2147483647;
			files = (
				0E7005072A177E660056B3F7 /* WhitbyLandmarksTests.swift in Sources */,
			);
			runOnlyForDeploymentPostprocessing = 0;
		};
		0E7005082A177E660056B3F7 /* Sources */ = {
			isa = PBXSourcesBuildPhase;
			buildActionMask = 2147483647;
			files = (
				0E7005112A177E660056B3F7 /* WhitbyLandmarksUITests.swift in Sources */,
				0E7005132A177E660056B3F7 /* WhitbyLandmarksUITestsLaunchTests.swift in Sources */,
			);
			runOnlyForDeploymentPostprocessing = 0;
		};
/* End PBXSourcesBuildPhase section */

/* Begin PBXTargetDependency section */
		0E7005042A177E660056B3F7 /* PBXTargetDependency */ = {
			isa = PBXTargetDependency;
			target = 0E7004F12A177E650056B3F7 /* WhitbyLandmarks */;
			targetProxy = 0E7005032A177E660056B3F7 /* PBXContainerItemProxy */;
		};
		0E70050E2A177E660056B3F7 /* PBXTargetDependency */ = {
			isa = PBXTargetDependency;
			target = 0E7004F12A177E650056B3F7 /* WhitbyLandmarks */;
			targetProxy = 0E70050D2A177E660056B3F7 /* PBXContainerItemProxy */;
		};
/* End PBXTargetDependency section */

/* Begin XCBuildConfiguration section */
		0E7005142A177E660056B3F7 /* Debug */ = {
			isa = XCBuildConfiguration;
			buildSettings = {
				ALWAYS_SEARCH_USER_PATHS = NO;
				CLANG_ANALYZER_NONNULL = YES;
				CLANG_ANALYZER_NUMBER_OBJECT_CONVERSION = YES_AGGRESSIVE;
				CLANG_CXX_LANGUAGE_STANDARD = "gnu++20";
				CLANG_ENABLE_MODULES = YES;
				CLANG_ENABLE_OBJC_ARC = YES;
				CLANG_ENABLE_OBJC_WEAK = YES;
				CLANG_WARN_BLOCK_CAPTURE_AUTORELEASING = YES;
				CLANG_WARN_BOOL_CONVERSION = YES;
				CLANG_WARN_COMMA = YES;
				CLANG_WARN_CONSTANT_CONVERSION = YES;
				CLANG_WARN_DEPRECATED_OBJC_IMPLEMENTATIONS = YES;
				CLANG_WARN_DIRECT_OBJC_ISA_USAGE = YES_ERROR;
				CLANG_WARN_DOCUMENTATION_COMMENTS = YES;
				CLANG_WARN_EMPTY_BODY = YES;
				CLANG_WARN_ENUM_CONVERSION = YES;
				CLANG_WARN_INFINITE_RECURSION = YES;
				CLANG_WARN_INT_CONVERSION = YES;
				CLANG_WARN_NON_LITERAL_NULL_CONVERSION = YES;
				CLANG_WARN_OBJC_IMPLICIT_RETAIN_SELF = YES;
				CLANG_WARN_OBJC_LITERAL_CONVERSION = YES;
				CLANG_WARN_OBJC_ROOT_CLASS = YES_ERROR;
				CLANG_WARN_QUOTED_INCLUDE_IN_FRAMEWORK_HEADER = YES;
				CLANG_WARN_RANGE_LOOP_ANALYSIS = YES;
				CLANG_WARN_STRICT_PROTOTYPES = YES;
				CLANG_WARN_SUSPICIOUS_MOVE = YES;
				CLANG_WARN_UNGUARDED_AVAILABILITY = YES_AGGRESSIVE;
				CLANG_WARN_UNREACHABLE_CODE = YES;
				CLANG_WARN__DUPLICATE_METHOD_MATCH = YES;
				COPY_PHASE_STRIP = NO;
				DEBUG_INFORMATION_FORMAT = dwarf;
				ENABLE_STRICT_OBJC_MSGSEND = YES;
				ENABLE_TESTABILITY = YES;
				GCC_C_LANGUAGE_STANDARD = gnu11;
				GCC_DYNAMIC_NO_PIC = NO;
				GCC_NO_COMMON_BLOCKS = YES;
				GCC_OPTIMIZATION_LEVEL = 0;
				GCC_PREPROCESSOR_DEFINITIONS = (
					"DEBUG=1",
					"$(inherited)",
				);
				GCC_WARN_64_TO_32_BIT_CONVERSION = YES;
				GCC_WARN_ABOUT_RETURN_TYPE = YES_ERROR;
				GCC_WARN_UNDECLARED_SELECTOR = YES;
				GCC_WARN_UNINITIALIZED_AUTOS = YES_AGGRESSIVE;
				GCC_WARN_UNUSED_FUNCTION = YES;
				GCC_WARN_UNUSED_VARIABLE = YES;
				IPHONEOS_DEPLOYMENT_TARGET = 16.4;
				MTL_ENABLE_DEBUG_INFO = INCLUDE_SOURCE;
				MTL_FAST_MATH = YES;
				ONLY_ACTIVE_ARCH = YES;
				SDKROOT = iphoneos;
				SWIFT_ACTIVE_COMPILATION_CONDITIONS = DEBUG;
				SWIFT_OPTIMIZATION_LEVEL = "-Onone";
			};
			name = Debug;
		};
		0E7005152A177E660056B3F7 /* Release */ = {
			isa = XCBuildConfiguration;
			buildSettings = {
				ALWAYS_SEARCH_USER_PATHS = NO;
				CLANG_ANALYZER_NONNULL = YES;
				CLANG_ANALYZER_NUMBER_OBJECT_CONVERSION = YES_AGGRESSIVE;
				CLANG_CXX_LANGUAGE_STANDARD = "gnu++20";
				CLANG_ENABLE_MODULES = YES;
				CLANG_ENABLE_OBJC_ARC = YES;
				CLANG_ENABLE_OBJC_WEAK = YES;
				CLANG_WARN_BLOCK_CAPTURE_AUTORELEASING = YES;
				CLANG_WARN_BOOL_CONVERSION = YES;
				CLANG_WARN_COMMA = YES;
				CLANG_WARN_CONSTANT_CONVERSION = YES;
				CLANG_WARN_DEPRECATED_OBJC_IMPLEMENTATIONS = YES;
				CLANG_WARN_DIRECT_OBJC_ISA_USAGE = YES_ERROR;
				CLANG_WARN_DOCUMENTATION_COMMENTS = YES;
				CLANG_WARN_EMPTY_BODY = YES;
				CLANG_WARN_ENUM_CONVERSION = YES;
				CLANG_WARN_INFINITE_RECURSION = YES;
				CLANG_WARN_INT_CONVERSION = YES;
				CLANG_WARN_NON_LITERAL_NULL_CONVERSION = YES;
				CLANG_WARN_OBJC_IMPLICIT_RETAIN_SELF = YES;
				CLANG_WARN_OBJC_LITERAL_CONVERSION = YES;
				CLANG_WARN_OBJC_ROOT_CLASS = YES_ERROR;
				CLANG_WARN_QUOTED_INCLUDE_IN_FRAMEWORK_HEADER = YES;
				CLANG_WARN_RANGE_LOOP_ANALYSIS = YES;
				CLANG_WARN_STRICT_PROTOTYPES = YES;
				CLANG_WARN_SUSPICIOUS_MOVE = YES;
				CLANG_WARN_UNGUARDED_AVAILABILITY = YES_AGGRESSIVE;
				CLANG_WARN_UNREACHABLE_CODE = YES;
				CLANG_WARN__DUPLICATE_METHOD_MATCH = YES;
				COPY_PHASE_STRIP = NO;
				DEBUG_INFORMATION_FORMAT = "dwarf-with-dsym";
				ENABLE_NS_ASSERTIONS = NO;
				ENABLE_STRICT_OBJC_MSGSEND = YES;
				GCC_C_LANGUAGE_STANDARD = gnu11;
				GCC_NO_COMMON_BLOCKS = YES;
				GCC_WARN_64_TO_32_BIT_CONVERSION = YES;
				GCC_WARN_ABOUT_RETURN_TYPE = YES_ERROR;
				GCC_WARN_UNDECLARED_SELECTOR = YES;
				GCC_WARN_UNINITIALIZED_AUTOS = YES_AGGRESSIVE;
				GCC_WARN_UNUSED_FUNCTION = YES;
				GCC_WARN_UNUSED_VARIABLE = YES;
				IPHONEOS_DEPLOYMENT_TARGET = 16.4;
				MTL_ENABLE_DEBUG_INFO = NO;
				MTL_FAST_MATH = YES;
				SDKROOT = iphoneos;
				SWIFT_COMPILATION_MODE = wholemodule;
				SWIFT_OPTIMIZATION_LEVEL = "-O";
				VALIDATE_PRODUCT = YES;
			};
			name = Release;
		};
		0E7005172A177E660056B3F7 /* Debug */ = {
			isa = XCBuildConfiguration;
			buildSettings = {
				ASSETCATALOG_COMPILER_APPICON_NAME = AppIcon;
				ASSETCATALOG_COMPILER_GLOBAL_ACCENT_COLOR_NAME = AccentColor;
				CODE_SIGN_STYLE = Automatic;
				CURRENT_PROJECT_VERSION = 1;
				DEVELOPMENT_ASSET_PATHS = "\"WhitbyLandmarks/Preview Content\"";
				ENABLE_PREVIEWS = YES;
				GENERATE_INFOPLIST_FILE = YES;
				INFOPLIST_FILE = WhitbyLandmarks/Info.plist;
				INFOPLIST_KEY_UIApplicationSceneManifest_Generation = YES;
				INFOPLIST_KEY_UIApplicationSupportsIndirectInputEvents = YES;
				INFOPLIST_KEY_UILaunchScreen_Generation = YES;
				INFOPLIST_KEY_UISupportedInterfaceOrientations_iPad = "UIInterfaceOrientationPortrait UIInterfaceOrientationPortraitUpsideDown UIInterfaceOrientationLandscapeLeft UIInterfaceOrientationLandscapeRight";
				INFOPLIST_KEY_UISupportedInterfaceOrientations_iPhone = "UIInterfaceOrientationPortrait UIInterfaceOrientationLandscapeLeft UIInterfaceOrientationLandscapeRight";
				LD_RUNPATH_SEARCH_PATHS = (
					"$(inherited)",
					"@executable_path/Frameworks",
				);
				MARKETING_VERSION = 1.0;
				PRODUCT_BUNDLE_IDENTIFIER = jump24.WhitbyLandmarks;
				PRODUCT_NAME = "$(TARGET_NAME)";
				SWIFT_EMIT_LOC_STRINGS = YES;
				SWIFT_VERSION = 5.0;
				TARGETED_DEVICE_FAMILY = "1,2";
			};
			name = Debug;
		};
		0E7005182A177E660056B3F7 /* Release */ = {
			isa = XCBuildConfiguration;
			buildSettings = {
				ASSETCATALOG_COMPILER_APPICON_NAME = AppIcon;
				ASSETCATALOG_COMPILER_GLOBAL_ACCENT_COLOR_NAME = AccentColor;
				CODE_SIGN_STYLE = Automatic;
				CURRENT_PROJECT_VERSION = 1;
				DEVELOPMENT_ASSET_PATHS = "\"WhitbyLandmarks/Preview Content\"";
				ENABLE_PREVIEWS = YES;
				GENERATE_INFOPLIST_FILE = YES;
				INFOPLIST_FILE = WhitbyLandmarks/Info.plist;
				INFOPLIST_KEY_UIApplicationSceneManifest_Generation = YES;
				INFOPLIST_KEY_UIApplicationSupportsIndirectInputEvents = YES;
				INFOPLIST_KEY_UILaunchScreen_Generation = YES;
				INFOPLIST_KEY_UISupportedInterfaceOrientations_iPad = "UIInterfaceOrientationPortrait UIInterfaceOrientationPortraitUpsideDown UIInterfaceOrientationLandscapeLeft UIInterfaceOrientationLandscapeRight";
				INFOPLIST_KEY_UISupportedInterfaceOrientations_iPhone = "UIInterfaceOrientationPortrait UIInterfaceOrientationLandscapeLeft UIInterfaceOrientationLandscapeRight";
				LD_RUNPATH_SEARCH_PATHS = (
					"$(inherited)",
					"@executable_path/Frameworks",
				);
				MARKETING_VERSION = 1.0;
				PRODUCT_BUNDLE_IDENTIFIER = jump24.WhitbyLandmarks;
				PRODUCT_NAME = "$(TARGET_NAME)";
				SWIFT_EMIT_LOC_STRINGS = YES;
				SWIFT_VERSION = 5.0;
				TARGETED_DEVICE_FAMILY = "1,2";
			};
			name = Release;
		};
		0E70051A2A177E660056B3F7 /* Debug */ = {
			isa = XCBuildConfiguration;
			buildSettings = {
				ALWAYS_EMBED_SWIFT_STANDARD_LIBRARIES = YES;
				BUNDLE_LOADER = "$(TEST_HOST)";
				CODE_SIGN_STYLE = Automatic;
				CURRENT_PROJECT_VERSION = 1;
				GENERATE_INFOPLIST_FILE = YES;
				IPHONEOS_DEPLOYMENT_TARGET = 16.4;
				MARKETING_VERSION = 1.0;
				PRODUCT_BUNDLE_IDENTIFIER = jump24.WhitbyLandmarksTests;
				PRODUCT_NAME = "$(TARGET_NAME)";
				SWIFT_EMIT_LOC_STRINGS = NO;
				SWIFT_VERSION = 5.0;
				TARGETED_DEVICE_FAMILY = "1,2";
				TEST_HOST = "$(BUILT_PRODUCTS_DIR)/WhitbyLandmarks.app/$(BUNDLE_EXECUTABLE_FOLDER_PATH)/WhitbyLandmarks";
			};
			name = Debug;
		};
		0E70051B2A177E660056B3F7 /* Release */ = {
			isa = XCBuildConfiguration;
			buildSettings = {
				ALWAYS_EMBED_SWIFT_STANDARD_LIBRARIES = YES;
				BUNDLE_LOADER = "$(TEST_HOST)";
				CODE_SIGN_STYLE = Automatic;
				CURRENT_PROJECT_VERSION = 1;
				GENERATE_INFOPLIST_FILE = YES;
				IPHONEOS_DEPLOYMENT_TARGET = 16.4;
				MARKETING_VERSION = 1.0;
				PRODUCT_BUNDLE_IDENTIFIER = jump24.WhitbyLandmarksTests;
				PRODUCT_NAME = "$(TARGET_NAME)";
				SWIFT_EMIT_LOC_STRINGS = NO;
				SWIFT_VERSION = 5.0;
				TARGETED_DEVICE_FAMILY = "1,2";
				TEST_HOST = "$(BUILT_PRODUCTS_DIR)/WhitbyLandmarks.app/$(BUNDLE_EXECUTABLE_FOLDER_PATH)/WhitbyLandmarks";
			};
			name = Release;
		};
		0E70051D2A177E660056B3F7 /* Debug */ = {
			isa = XCBuildConfiguration;
			buildSettings = {
				ALWAYS_EMBED_SWIFT_STANDARD_LIBRARIES = YES;
				CODE_SIGN_STYLE = Automatic;
				CURRENT_PROJECT_VERSION = 1;
				GENERATE_INFOPLIST_FILE = YES;
				MARKETING_VERSION = 1.0;
				PRODUCT_BUNDLE_IDENTIFIER = jump24.WhitbyLandmarksUITests;
				PRODUCT_NAME = "$(TARGET_NAME)";
				SWIFT_EMIT_LOC_STRINGS = NO;
				SWIFT_VERSION = 5.0;
				TARGETED_DEVICE_FAMILY = "1,2";
				TEST_TARGET_NAME = WhitbyLandmarks;
			};
			name = Debug;
		};
		0E70051E2A177E660056B3F7 /* Release */ = {
			isa = XCBuildConfiguration;
			buildSettings = {
				ALWAYS_EMBED_SWIFT_STANDARD_LIBRARIES = YES;
				CODE_SIGN_STYLE = Automatic;
				CURRENT_PROJECT_VERSION = 1;
				GENERATE_INFOPLIST_FILE = YES;
				MARKETING_VERSION = 1.0;
				PRODUCT_BUNDLE_IDENTIFIER = jump24.WhitbyLandmarksUITests;
				PRODUCT_NAME = "$(TARGET_NAME)";
				SWIFT_EMIT_LOC_STRINGS = NO;
				SWIFT_VERSION = 5.0;
				TARGETED_DEVICE_FAMILY = "1,2";
				TEST_TARGET_NAME = WhitbyLandmarks;
			};
			name = Release;
		};
/* End XCBuildConfiguration section */

/* Begin XCConfigurationList section */
		0E7004ED2A177E650056B3F7 /* Build configuration list for PBXProject "WhitbyLandmarks" */ = {
			isa = XCConfigurationList;
			buildConfigurations = (
				0E7005142A177E660056B3F7 /* Debug */,
				0E7005152A177E660056B3F7 /* Release */,
			);
			defaultConfigurationIsVisible = 0;
			defaultConfigurationName = Release;
		};
		0E7005162A177E660056B3F7 /* Build configuration list for PBXNativeTarget "WhitbyLandmarks" */ = {
			isa = XCConfigurationList;
			buildConfigurations = (
				0E7005172A177E660056B3F7 /* Debug */,
				0E7005182A177E660056B3F7 /* Release */,
			);
			defaultConfigurationIsVisible = 0;
			defaultConfigurationName = Release;
		};
		0E7005192A177E660056B3F7 /* Build configuration list for PBXNativeTarget "WhitbyLandmarksTests" */ = {
			isa = XCConfigurationList;
			buildConfigurations = (
				0E70051A2A177E660056B3F7 /* Debug */,
				0E70051B2A177E660056B3F7 /* Release */,
			);
			defaultConfigurationIsVisible = 0;
			defaultConfigurationName = Release;
		};
		0E70051C2A177E660056B3F7 /* Build configuration list for PBXNativeTarget "WhitbyLandmarksUITests" */ = {
			isa = XCConfigurationList;
			buildConfigurations = (
				0E70051D2A177E660056B3F7 /* Debug */,
				0E70051E2A177E660056B3F7 /* Release */,
			);
			defaultConfigurationIsVisible = 0;
			defaultConfigurationName = Release;
		};
/* End XCConfigurationList section */
	};
	rootObject = 0E7004EA2A177E650056B3F7 /* Project object */;
}
